
Microsoft Visual Studio Solution File, Format Version 12.00
# Visual Studio Version 17
VisualStudioVersion = 17.3.32922.545
MinimumVisualStudioVersion = 10.0.40219.1
Project("{9A19103F-16F7-4668-BE54-9A1E7A4F7556}") = "LazyApiPack.Logger", "LazyApiPack.Logger\LazyApiPack.Logger.csproj", "{2DCABD9C-F08D-446F-9E35-E4509EE8AC22}"
EndProject
Project("{FAE04EC0-301F-11D3-BF4B-00C04F79EFBC}") = "LazyApiPack.Logger.Tests", "LazyApiPack.Logger.Tests\LazyApiPack.Logger.Tests.csproj", "{67AA0594-4C00-49B4-AD2A-5712E0CD7A9F}"
EndProject
Global
	GlobalSection(SolutionConfigurationPlatforms) = preSolution
		Debug|Any CPU = Debug|Any CPU
		Release|Any CPU = Release|Any CPU
	EndGlobalSection
	GlobalSection(ProjectConfigurationPlatforms) = postSolution
		{2DCABD9C-F08D-446F-9E35-E4509EE8AC22}.Debug|Any CPU.ActiveCfg = Debug|Any CPU
		{2DCABD9C-F08D-446F-9E35-E4509EE8AC22}.Debug|Any CPU.Build.0 = Debug|Any CPU
		{2DCABD9C-F08D-446F-9E35-E4509EE8AC22}.Release|Any CPU.ActiveCfg = Release|Any CPU
		{2DCABD9C-F08D-446F-9E35-E4509EE8AC22}.Release|Any CPU.Build.0 = Release|Any CPU
		{67AA0594-4C00-49B4-AD2A-5712E0CD7A9F}.Debug|Any CPU.ActiveCfg = Debug|Any CPU
		{67AA0594-4C00-49B4-AD2A-5712E0CD7A9F}.Debug|Any CPU.Build.0 = Debug|Any CPU
		{67AA0594-4C00-49B4-AD2A-5712E0CD7A9F}.Release|Any CPU.ActiveCfg = Release|Any CPU
		{67AA0594-4C00-49B4-AD2A-5712E0CD7A9F}.Release|Any CPU.Build.0 = Release|Any CPU
	EndGlobalSection
	GlobalSection(SolutionProperties) = preSolution
		HideSolutionNode = FALSE
	EndGlobalSection
	GlobalSection(ExtensibilityGlobals) = postSolution
		SolutionGuid = {59B59F57-63FB-4960-B6AD-D6D1D897F66B}
	EndGlobalSection
EndGlobal
